
Microsoft Visual Studio Solution File, Format Version 12.00
# Visual Studio Version 16
VisualStudioVersion = 16.0.30114.105
MinimumVisualStudioVersion = 10.0.40219.1
Project("{FAE04EC0-301F-11D3-BF4B-00C04F79EFBC}") = "Lore.Api", "Lore.Api\Lore.Api.csproj", "{637BEAF7-9835-4E5D-BA88-417F332CB45B}"
EndProject
Global
	GlobalSection(SolutionConfigurationPlatforms) = preSolution
		Debug|Any CPU = Debug|Any CPU
		Release|Any CPU = Release|Any CPU
	EndGlobalSection
	GlobalSection(SolutionProperties) = preSolution
		HideSolutionNode = FALSE
	EndGlobalSection
	GlobalSection(ProjectConfigurationPlatforms) = postSolution
		{637BEAF7-9835-4E5D-BA88-417F332CB45B}.Debug|Any CPU.ActiveCfg = Debug|Any CPU
		{637BEAF7-9835-4E5D-BA88-417F332CB45B}.Debug|Any CPU.Build.0 = Debug|Any CPU
		{637BEAF7-9835-4E5D-BA88-417F332CB45B}.Release|Any CPU.ActiveCfg = Release|Any CPU
		{637BEAF7-9835-4E5D-BA88-417F332CB45B}.Release|Any CPU.Build.0 = Release|Any CPU
	EndGlobalSection
EndGlobal
